
Microsoft Visual Studio Solution File, Format Version 12.00
# Visual Studio Version 18
VisualStudioVersion = 18.4.11620.152 stable
MinimumVisualStudioVersion = 10.0.40219.1
Project("{2150E333-8FDC-42A3-9474-1A3956D46DE8}") = "src", "src", "{827E0CD3-B72D-47B6-A68D-7590B98EB39B}"
EndProject
Project("{FAE04EC0-301F-11D3-BF4B-00C04F79EFBC}") = "GoAir.Data", "GoAir.Data\GoAir.Data.csproj", "{F7C9D892-EA7B-47F6-8474-012F17B64DCE}"
EndProject
Project("{FAE04EC0-301F-11D3-BF4B-00C04F79EFBC}") = "GoAir.Data.Common", "GoAir.Data.Common\GoAir.Data.Common.csproj", "{43019D1F-563E-43A8-8786-6090E51ADAC5}"
EndProject
Project("{FAE04EC0-301F-11D3-BF4B-00C04F79EFBC}") = "GoAir.Data.Models", "GoAir.Data.Models\GoAir.Data.Models.csproj", "{90DEA58E-FDA5-499F-827F-DE977D6AD632}"
EndProject
Project("{FAE04EC0-301F-11D3-BF4B-00C04F79EFBC}") = "GoAir.GCommon", "GoAir.GCommon\GoAir.GCommon.csproj", "{54B0B12E-EB12-4374-A2CE-E09ADD819D35}"
EndProject
Project("{FAE04EC0-301F-11D3-BF4B-00C04F79EFBC}") = "GoAir.IntegrationTests", "GoAir.IntegrationTests\GoAir.IntegrationTests.csproj", "{2EAB351E-299B-434C-95D3-104D65B7E407}"
EndProject
Project("{FAE04EC0-301F-11D3-BF4B-00C04F79EFBC}") = "GoAir.Services.Core", "GoAir.Services.Core\GoAir.Services.Core.csproj", "{8E5BE680-0573-4900-B124-5738DC26FF9B}"
EndProject
Project("{FAE04EC0-301F-11D3-BF4B-00C04F79EFBC}") = "GoAir.Services.AutoMapping", "GoAir.Services.AutoMapping\GoAir.Services.AutoMapping.csproj", "{88B1F93E-B6F7-4F50-A3B7-1238BB9B758E}"
EndProject
Project("{FAE04EC0-301F-11D3-BF4B-00C04F79EFBC}") = "GoAir.Services.Common", "GoAir.Services.Common\GoAir.Services.Common.csproj", "{8A183256-395F-4270-811E-A41C9CF3262F}"
EndProject
Project("{FAE04EC0-301F-11D3-BF4B-00C04F79EFBC}") = "GoAir.Web.ViewModels", "GoAir.Web.ViewModels\GoAir.Web.ViewModels.csproj", "{01C7434C-173E-4CBA-8ED1-AA433C781D0E}"
EndProject
Project("{FAE04EC0-301F-11D3-BF4B-00C04F79EFBC}") = "GoAir.Services.Core.Tests", "GoAir.Services.Core.Tests\GoAir.Services.Core.Tests.csproj", "{D013BE0E-EBC7-4A62-AE6C-AEBF2966424E}"
EndProject
Project("{FAE04EC0-301F-11D3-BF4B-00C04F79EFBC}") = "GoAir.Web", "GoAir.Web\GoAir.Web.csproj", "{F74F92D6-2908-4029-AE8B-FCCA7100545F}"
EndProject
Project("{FAE04EC0-301F-11D3-BF4B-00C04F79EFBC}") = "GoAir.Web.Infrastructure", "GoAir.Web.Infrastructure\GoAir.Web.Infrastructure.csproj", "{DCFA7141-2703-4610-BFB1-4FBA9B047E91}"
EndProject
Project("{FAE04EC0-301F-11D3-BF4B-00C04F79EFBC}") = "GoAir.Web.Tests", "GoAir.Web.Tests\GoAir.Web.Tests.csproj", "{E3C9A286-7C69-4225-BAA1-8ED3ACC1DA63}"
EndProject
Project("{2150E333-8FDC-42A3-9474-1A3956D46DE8}") = "Data", "Data", "{01118890-4C0B-442A-BA74-6FB127DA671A}"
EndProject
Project("{2150E333-8FDC-42A3-9474-1A3956D46DE8}") = "Services", "Services", "{E4059ABD-BE8B-4981-B9FA-25CCEE804826}"
EndProject
Project("{2150E333-8FDC-42A3-9474-1A3956D46DE8}") = "Tests", "Tests", "{9A2F017B-60A6-4035-BE46-0DBBF5EF3CCE}"
EndProject
Project("{2150E333-8FDC-42A3-9474-1A3956D46DE8}") = "Web", "Web", "{887E8594-4903-4FF7-941D-BBFBC3BB2F5B}"
EndProject
Global
	GlobalSection(SolutionConfigurationPlatforms) = preSolution
		Debug|Any CPU = Debug|Any CPU
		Debug|x64 = Debug|x64
		Debug|x86 = Debug|x86
		Release|Any CPU = Release|Any CPU
		Release|x64 = Release|x64
		Release|x86 = Release|x86
	EndGlobalSection
	GlobalSection(ProjectConfigurationPlatforms) = postSolution
		{F7C9D892-EA7B-47F6-8474-012F17B64DCE}.Debug|Any CPU.ActiveCfg = Debug|Any CPU
		{F7C9D892-EA7B-47F6-8474-012F17B64DCE}.Debug|Any CPU.Build.0 = Debug|Any CPU
		{F7C9D892-EA7B-47F6-8474-012F17B64DCE}.Debug|x64.ActiveCfg = Debug|Any CPU
		{F7C9D892-EA7B-47F6-8474-012F17B64DCE}.Debug|x64.Build.0 = Debug|Any CPU
		{F7C9D892-EA7B-47F6-8474-012F17B64DCE}.Debug|x86.ActiveCfg = Debug|Any CPU
		{F7C9D892-EA7B-47F6-8474-012F17B64DCE}.Debug|x86.Build.0 = Debug|Any CPU
		{F7C9D892-EA7B-47F6-8474-012F17B64DCE}.Release|Any CPU.ActiveCfg = Release|Any CPU
		{F7C9D892-EA7B-47F6-8474-012F17B64DCE}.Release|Any CPU.Build.0 = Release|Any CPU
		{F7C9D892-EA7B-47F6-8474-012F17B64DCE}.Release|x64.ActiveCfg = Release|Any CPU
		{F7C9D892-EA7B-47F6-8474-012F17B64DCE}.Release|x64.Build.0 = Release|Any CPU
		{F7C9D892-EA7B-47F6-8474-012F17B64DCE}.Release|x86.ActiveCfg = Release|Any CPU
		{F7C9D892-EA7B-47F6-8474-012F17B64DCE}.Release|x86.Build.0 = Release|Any CPU
		{43019D1F-563E-43A8-8786-6090E51ADAC5}.Debug|Any CPU.ActiveCfg = Debug|Any CPU
		{43019D1F-563E-43A8-8786-6090E51ADAC5}.Debug|Any CPU.Build.0 = Debug|Any CPU
		{43019D1F-563E-43A8-8786-6090E51ADAC5}.Debug|x64.ActiveCfg = Debug|Any CPU
		{43019D1F-563E-43A8-8786-6090E51ADAC5}.Debug|x64.Build.0 = Debug|Any CPU
		{43019D1F-563E-43A8-8786-6090E51ADAC5}.Debug|x86.ActiveCfg = Debug|Any CPU
		{43019D1F-563E-43A8-8786-6090E51ADAC5}.Debug|x86.Build.0 = Debug|Any CPU
		{43019D1F-563E-43A8-8786-6090E51ADAC5}.Release|Any CPU.ActiveCfg = Release|Any CPU
		{43019D1F-563E-43A8-8786-6090E51ADAC5}.Release|Any CPU.Build.0 = Release|Any CPU
		{43019D1F-563E-43A8-8786-6090E51ADAC5}.Release|x64.ActiveCfg = Release|Any CPU
		{43019D1F-563E-43A8-8786-6090E51ADAC5}.Release|x64.Build.0 = Release|Any CPU
		{43019D1F-563E-43A8-8786-6090E51ADAC5}.Release|x86.ActiveCfg = Release|Any CPU
		{43019D1F-563E-43A8-8786-6090E51ADAC5}.Release|x86.Build.0 = Release|Any CPU
		{90DEA58E-FDA5-499F-827F-DE977D6AD632}.Debug|Any CPU.ActiveCfg = Debug|Any CPU
		{90DEA58E-FDA5-499F-827F-DE977D6AD632}.Debug|Any CPU.Build.0 = Debug|Any CPU
		{90DEA58E-FDA5-499F-827F-DE977D6AD632}.Debug|x64.ActiveCfg = Debug|Any CPU
		{90DEA58E-FDA5-499F-827F-DE977D6AD632}.Debug|x64.Build.0 = Debug|Any CPU
		{90DEA58E-FDA5-499F-827F-DE977D6AD632}.Debug|x86.ActiveCfg = Debug|Any CPU
		{90DEA58E-FDA5-499F-827F-DE977D6AD632}.Debug|x86.Build.0 = Debug|Any CPU
		{90DEA58E-FDA5-499F-827F-DE977D6AD632}.Release|Any CPU.ActiveCfg = Release|Any CPU
		{90DEA58E-FDA5-499F-827F-DE977D6AD632}.Release|Any CPU.Build.0 = Release|Any CPU
		{90DEA58E-FDA5-499F-827F-DE977D6AD632}.Release|x64.ActiveCfg = Release|Any CPU
		{90DEA58E-FDA5-499F-827F-DE977D6AD632}.Release|x64.Build.0 = Release|Any CPU
		{90DEA58E-FDA5-499F-827F-DE977D6AD632}.Release|x86.ActiveCfg = Release|Any CPU
		{90DEA58E-FDA5-499F-827F-DE977D6AD632}.Release|x86.Build.0 = Release|Any CPU
		{54B0B12E-EB12-4374-A2CE-E09ADD819D35}.Debug|Any CPU.ActiveCfg = Debug|Any CPU
		{54B0B12E-EB12-4374-A2CE-E09ADD819D35}.Debug|Any CPU.Build.0 = Debug|Any CPU
		{54B0B12E-EB12-4374-A2CE-E09ADD819D35}.Debug|x64.ActiveCfg = Debug|Any CPU
		{54B0B12E-EB12-4374-A2CE-E09ADD819D35}.Debug|x64.Build.0 = Debug|Any CPU
		{54B0B12E-EB12-4374-A2CE-E09ADD819D35}.Debug|x86.ActiveCfg = Debug|Any CPU
		{54B0B12E-EB12-4374-A2CE-E09ADD819D35}.Debug|x86.Build.0 = Debug|Any CPU
		{54B0B12E-EB12-4374-A2CE-E09ADD819D35}.Release|Any CPU.ActiveCfg = Release|Any CPU
		{54B0B12E-EB12-4374-A2CE-E09ADD819D35}.Release|Any CPU.Build.0 = Release|Any CPU
		{54B0B12E-EB12-4374-A2CE-E09ADD819D35}.Release|x64.ActiveCfg = Release|Any CPU
		{54B0B12E-EB12-4374-A2CE-E09ADD819D35}.Release|x64.Build.0 = Release|Any CPU
		{54B0B12E-EB12-4374-A2CE-E09ADD819D35}.Release|x86.ActiveCfg = Release|Any CPU
		{54B0B12E-EB12-4374-A2CE-E09ADD819D35}.Release|x86.Build.0 = Release|Any CPU
		{2EAB351E-299B-434C-95D3-104D65B7E407}.Debug|Any CPU.ActiveCfg = Debug|Any CPU
		{2EAB351E-299B-434C-95D3-104D65B7E407}.Debug|Any CPU.Build.0 = Debug|Any CPU
		{2EAB351E-299B-434C-95D3-104D65B7E407}.Debug|x64.ActiveCfg = Debug|Any CPU
		{2EAB351E-299B-434C-95D3-104D65B7E407}.Debug|x64.Build.0 = Debug|Any CPU
		{2EAB351E-299B-434C-95D3-104D65B7E407}.Debug|x86.ActiveCfg = Debug|Any CPU
		{2EAB351E-299B-434C-95D3-104D65B7E407}.Debug|x86.Build.0 = Debug|Any CPU
		{2EAB351E-299B-434C-95D3-104D65B7E407}.Release|Any CPU.ActiveCfg = Release|Any CPU
		{2EAB351E-299B-434C-95D3-104D65B7E407}.Release|Any CPU.Build.0 = Release|Any CPU
		{2EAB351E-299B-434C-95D3-104D65B7E407}.Release|x64.ActiveCfg = Release|Any CPU
		{2EAB351E-299B-434C-95D3-104D65B7E407}.Release|x64.Build.0 = Release|Any CPU
		{2EAB351E-299B-434C-95D3-104D65B7E407}.Release|x86.ActiveCfg = Release|Any CPU
		{2EAB351E-299B-434C-95D3-104D65B7E407}.Release|x86.Build.0 = Release|Any CPU
		{8E5BE680-0573-4900-B124-5738DC26FF9B}.Debug|Any CPU.ActiveCfg = Debug|Any CPU
		{8E5BE680-0573-4900-B124-5738DC26FF9B}.Debug|Any CPU.Build.0 = Debug|Any CPU
		{8E5BE680-0573-4900-B124-5738DC26FF9B}.Debug|x64.ActiveCfg = Debug|Any CPU
		{8E5BE680-0573-4900-B124-5738DC26FF9B}.Debug|x64.Build.0 = Debug|Any CPU
		{8E5BE680-0573-4900-B124-5738DC26FF9B}.Debug|x86.ActiveCfg = Debug|Any CPU
		{8E5BE680-0573-4900-B124-5738DC26FF9B}.Debug|x86.Build.0 = Debug|Any CPU
		{8E5BE680-0573-4900-B124-5738DC26FF9B}.Release|Any CPU.ActiveCfg = Release|Any CPU
		{8E5BE680-0573-4900-B124-5738DC26FF9B}.Release|Any CPU.Build.0 = Release|Any CPU
		{8E5BE680-0573-4900-B124-5738DC26FF9B}.Release|x64.ActiveCfg = Release|Any CPU
		{8E5BE680-0573-4900-B124-5738DC26FF9B}.Release|x64.Build.0 = Release|Any CPU
		{8E5BE680-0573-4900-B124-5738DC26FF9B}.Release|x86.ActiveCfg = Release|Any CPU
		{8E5BE680-0573-4900-B124-5738DC26FF9B}.Release|x86.Build.0 = Release|Any CPU
		{88B1F93E-B6F7-4F50-A3B7-1238BB9B758E}.Debug|Any CPU.ActiveCfg = Debug|Any CPU
		{88B1F93E-B6F7-4F50-A3B7-1238BB9B758E}.Debug|Any CPU.Build.0 = Debug|Any CPU
		{88B1F93E-B6F7-4F50-A3B7-1238BB9B758E}.Debug|x64.ActiveCfg = Debug|Any CPU
		{88B1F93E-B6F7-4F50-A3B7-1238BB9B758E}.Debug|x64.Build.0 = Debug|Any CPU
		{88B1F93E-B6F7-4F50-A3B7-1238BB9B758E}.Debug|x86.ActiveCfg = Debug|Any CPU
		{88B1F93E-B6F7-4F50-A3B7-1238BB9B758E}.Debug|x86.Build.0 = Debug|Any CPU
		{88B1F93E-B6F7-4F50-A3B7-1238BB9B758E}.Release|Any CPU.ActiveCfg = Release|Any CPU
		{88B1F93E-B6F7-4F50-A3B7-1238BB9B758E}.Release|Any CPU.Build.0 = Release|Any CPU
		{88B1F93E-B6F7-4F50-A3B7-1238BB9B758E}.Release|x64.ActiveCfg = Release|Any CPU
		{88B1F93E-B6F7-4F50-A3B7-1238BB9B758E}.Release|x64.Build.0 = Release|Any CPU
		{88B1F93E-B6F7-4F50-A3B7-1238BB9B758E}.Release|x86.ActiveCfg = Release|Any CPU
		{88B1F93E-B6F7-4F50-A3B7-1238BB9B758E}.Release|x86.Build.0 = Release|Any CPU
		{8A183256-395F-4270-811E-A41C9CF3262F}.Debug|Any CPU.ActiveCfg = Debug|Any CPU
		{8A183256-395F-4270-811E-A41C9CF3262F}.Debug|Any CPU.Build.0 = Debug|Any CPU
		{8A183256-395F-4270-811E-A41C9CF3262F}.Debug|x64.ActiveCfg = Debug|Any CPU
		{8A183256-395F-4270-811E-A41C9CF3262F}.Debug|x64.Build.0 = Debug|Any CPU
		{8A183256-395F-4270-811E-A41C9CF3262F}.Debug|x86.ActiveCfg = Debug|Any CPU
		{8A183256-395F-4270-811E-A41C9CF3262F}.Debug|x86.Build.0 = Debug|Any CPU
		{8A183256-395F-4270-811E-A41C9CF3262F}.Release|Any CPU.ActiveCfg = Release|Any CPU
		{8A183256-395F-4270-811E-A41C9CF3262F}.Release|Any CPU.Build.0 = Release|Any CPU
		{8A183256-395F-4270-811E-A41C9CF3262F}.Release|x64.ActiveCfg = Release|Any CPU
		{8A183256-395F-4270-811E-A41C9CF3262F}.Release|x64.Build.0 = Release|Any CPU
		{8A183256-395F-4270-811E-A41C9CF3262F}.Release|x86.ActiveCfg = Release|Any CPU
		{8A183256-395F-4270-811E-A41C9CF3262F}.Release|x86.Build.0 = Release|Any CPU
		{01C7434C-173E-4CBA-8ED1-AA433C781D0E}.Debug|Any CPU.ActiveCfg = Debug|Any CPU
		{01C7434C-173E-4CBA-8ED1-AA433C781D0E}.Debug|Any CPU.Build.0 = Debug|Any CPU
		{01C7434C-173E-4CBA-8ED1-AA433C781D0E}.Debug|x64.ActiveCfg = Debug|Any CPU
		{01C7434C-173E-4CBA-8ED1-AA433C781D0E}.Debug|x64.Build.0 = Debug|Any CPU
		{01C7434C-173E-4CBA-8ED1-AA433C781D0E}.Debug|x86.ActiveCfg = Debug|Any CPU
		{01C7434C-173E-4CBA-8ED1-AA433C781D0E}.Debug|x86.Build.0 = Debug|Any CPU
		{01C7434C-173E-4CBA-8ED1-AA433C781D0E}.Release|Any CPU.ActiveCfg = Release|Any CPU
		{01C7434C-173E-4CBA-8ED1-AA433C781D0E}.Release|Any CPU.Build.0 = Release|Any CPU
		{01C7434C-173E-4CBA-8ED1-AA433C781D0E}.Release|x64.ActiveCfg = Release|Any CPU
		{01C7434C-173E-4CBA-8ED1-AA433C781D0E}.Release|x64.Build.0 = Release|Any CPU
		{01C7434C-173E-4CBA-8ED1-AA433C781D0E}.Release|x86.ActiveCfg = Release|Any CPU
		{01C7434C-173E-4CBA-8ED1-AA433C781D0E}.Release|x86.Build.0 = Release|Any CPU
		{D013BE0E-EBC7-4A62-AE6C-AEBF2966424E}.Debug|Any CPU.ActiveCfg = Debug|Any CPU
		{D013BE0E-EBC7-4A62-AE6C-AEBF2966424E}.Debug|Any CPU.Build.0 = Debug|Any CPU
		{D013BE0E-EBC7-4A62-AE6C-AEBF2966424E}.Debug|x64.ActiveCfg = Debug|Any CPU
		{D013BE0E-EBC7-4A62-AE6C-AEBF2966424E}.Debug|x64.Build.0 = Debug|Any CPU
		{D013BE0E-EBC7-4A62-AE6C-AEBF2966424E}.Debug|x86.ActiveCfg = Debug|Any CPU
		{D013BE0E-EBC7-4A62-AE6C-AEBF2966424E}.Debug|x86.Build.0 = Debug|Any CPU
		{D013BE0E-EBC7-4A62-AE6C-AEBF2966424E}.Release|Any CPU.ActiveCfg = Release|Any CPU
		{D013BE0E-EBC7-4A62-AE6C-AEBF2966424E}.Release|Any CPU.Build.0 = Release|Any CPU
		{D013BE0E-EBC7-4A62-AE6C-AEBF2966424E}.Release|x64.ActiveCfg = Release|Any CPU
		{D013BE0E-EBC7-4A62-AE6C-AEBF2966424E}.Release|x64.Build.0 = Release|Any CPU
		{D013BE0E-EBC7-4A62-AE6C-AEBF2966424E}.Release|x86.ActiveCfg = Release|Any CPU
		{D013BE0E-EBC7-4A62-AE6C-AEBF2966424E}.Release|x86.Build.0 = Release|Any CPU
		{F74F92D6-2908-4029-AE8B-FCCA7100545F}.Debug|Any CPU.ActiveCfg = Debug|Any CPU
		{F74F92D6-2908-4029-AE8B-FCCA7100545F}.Debug|Any CPU.Build.0 = Debug|Any CPU
		{F74F92D6-2908-4029-AE8B-FCCA7100545F}.Debug|x64.ActiveCfg = Debug|Any CPU
		{F74F92D6-2908-4029-AE8B-FCCA7100545F}.Debug|x64.Build.0 = Debug|Any CPU
		{F74F92D6-2908-4029-AE8B-FCCA7100545F}.Debug|x86.ActiveCfg = Debug|Any CPU
		{F74F92D6-2908-4029-AE8B-FCCA7100545F}.Debug|x86.Build.0 = Debug|Any CPU
		{F74F92D6-2908-4029-AE8B-FCCA7100545F}.Release|Any CPU.ActiveCfg = Release|Any CPU
		{F74F92D6-2908-4029-AE8B-FCCA7100545F}.Release|Any CPU.Build.0 = Release|Any CPU
		{F74F92D6-2908-4029-AE8B-FCCA7100545F}.Release|x64.ActiveCfg = Release|Any CPU
		{F74F92D6-2908-4029-AE8B-FCCA7100545F}.Release|x64.Build.0 = Release|Any CPU
		{F74F92D6-2908-4029-AE8B-FCCA7100545F}.Release|x86.ActiveCfg = Release|Any CPU
		{F74F92D6-2908-4029-AE8B-FCCA7100545F}.Release|x86.Build.0 = Release|Any CPU
		{DCFA7141-2703-4610-BFB1-4FBA9B047E91}.Debug|Any CPU.ActiveCfg = Debug|Any CPU
		{DCFA7141-2703-4610-BFB1-4FBA9B047E91}.Debug|Any CPU.Build.0 = Debug|Any CPU
		{DCFA7141-2703-4610-BFB1-4FBA9B047E91}.Debug|x64.ActiveCfg = Debug|Any CPU
		{DCFA7141-2703-4610-BFB1-4FBA9B047E91}.Debug|x64.Build.0 = Debug|Any CPU
		{DCFA7141-2703-4610-BFB1-4FBA9B047E91}.Debug|x86.ActiveCfg = Debug|Any CPU
		{DCFA7141-2703-4610-BFB1-4FBA9B047E91}.Debug|x86.Build.0 = Debug|Any CPU
		{DCFA7141-2703-4610-BFB1-4FBA9B047E91}.Release|Any CPU.ActiveCfg = Release|Any CPU
		{DCFA7141-2703-4610-BFB1-4FBA9B047E91}.Release|Any CPU.Build.0 = Release|Any CPU
		{DCFA7141-2703-4610-BFB1-4FBA9B047E91}.Release|x64.ActiveCfg = Release|Any CPU
		{DCFA7141-2703-4610-BFB1-4FBA9B047E91}.Release|x64.Build.0 = Release|Any CPU
		{DCFA7141-2703-4610-BFB1-4FBA9B047E91}.Release|x86.ActiveCfg = Release|Any CPU
		{DCFA7141-2703-4610-BFB1-4FBA9B047E91}.Release|x86.Build.0 = Release|Any CPU
		{E3C9A286-7C69-4225-BAA1-8ED3ACC1DA63}.Debug|Any CPU.ActiveCfg = Debug|Any CPU
		{E3C9A286-7C69-4225-BAA1-8ED3ACC1DA63}.Debug|Any CPU.Build.0 = Debug|Any CPU
		{E3C9A286-7C69-4225-BAA1-8ED3ACC1DA63}.Debug|x64.ActiveCfg = Debug|Any CPU
		{E3C9A286-7C69-4225-BAA1-8ED3ACC1DA63}.Debug|x64.Build.0 = Debug|Any CPU
		{E3C9A286-7C69-4225-BAA1-8ED3ACC1DA63}.Debug|x86.ActiveCfg = Debug|Any CPU
		{E3C9A286-7C69-4225-BAA1-8ED3ACC1DA63}.Debug|x86.Build.0 = Debug|Any CPU
		{E3C9A286-7C69-4225-BAA1-8ED3ACC1DA63}.Release|Any CPU.ActiveCfg = Release|Any CPU
		{E3C9A286-7C69-4225-BAA1-8ED3ACC1DA63}.Release|Any CPU.Build.0 = Release|Any CPU
		{E3C9A286-7C69-4225-BAA1-8ED3ACC1DA63}.Release|x64.ActiveCfg = Release|Any CPU
		{E3C9A286-7C69-4225-BAA1-8ED3ACC1DA63}.Release|x64.Build.0 = Release|Any CPU
		{E3C9A286-7C69-4225-BAA1-8ED3ACC1DA63}.Release|x86.ActiveCfg = Release|Any CPU
		{E3C9A286-7C69-4225-BAA1-8ED3ACC1DA63}.Release|x86.Build.0 = Release|Any CPU
	EndGlobalSection
	GlobalSection(SolutionProperties) = preSolution
		HideSolutionNode = FALSE
	EndGlobalSection
	GlobalSection(NestedProjects) = preSolution
		{F7C9D892-EA7B-47F6-8474-012F17B64DCE} = {01118890-4C0B-442A-BA74-6FB127DA671A}
		{43019D1F-563E-43A8-8786-6090E51ADAC5} = {01118890-4C0B-442A-BA74-6FB127DA671A}
		{90DEA58E-FDA5-499F-827F-DE977D6AD632} = {01118890-4C0B-442A-BA74-6FB127DA671A}
		{54B0B12E-EB12-4374-A2CE-E09ADD819D35} = {827E0CD3-B72D-47B6-A68D-7590B98EB39B}
		{2EAB351E-299B-434C-95D3-104D65B7E407} = {9A2F017B-60A6-4035-BE46-0DBBF5EF3CCE}
		{8E5BE680-0573-4900-B124-5738DC26FF9B} = {E4059ABD-BE8B-4981-B9FA-25CCEE804826}
		{88B1F93E-B6F7-4F50-A3B7-1238BB9B758E} = {E4059ABD-BE8B-4981-B9FA-25CCEE804826}
		{8A183256-395F-4270-811E-A41C9CF3262F} = {E4059ABD-BE8B-4981-B9FA-25CCEE804826}
		{01C7434C-173E-4CBA-8ED1-AA433C781D0E} = {887E8594-4903-4FF7-941D-BBFBC3BB2F5B}
		{D013BE0E-EBC7-4A62-AE6C-AEBF2966424E} = {9A2F017B-60A6-4035-BE46-0DBBF5EF3CCE}
		{F74F92D6-2908-4029-AE8B-FCCA7100545F} = {887E8594-4903-4FF7-941D-BBFBC3BB2F5B}
		{DCFA7141-2703-4610-BFB1-4FBA9B047E91} = {887E8594-4903-4FF7-941D-BBFBC3BB2F5B}
		{E3C9A286-7C69-4225-BAA1-8ED3ACC1DA63} = {9A2F017B-60A6-4035-BE46-0DBBF5EF3CCE}
		{01118890-4C0B-442A-BA74-6FB127DA671A} = {827E0CD3-B72D-47B6-A68D-7590B98EB39B}
		{E4059ABD-BE8B-4981-B9FA-25CCEE804826} = {827E0CD3-B72D-47B6-A68D-7590B98EB39B}
		{9A2F017B-60A6-4035-BE46-0DBBF5EF3CCE} = {827E0CD3-B72D-47B6-A68D-7590B98EB39B}
		{887E8594-4903-4FF7-941D-BBFBC3BB2F5B} = {827E0CD3-B72D-47B6-A68D-7590B98EB39B}
	EndGlobalSection
	GlobalSection(ExtensibilityGlobals) = postSolution
		SolutionGuid = {0063E44C-41E7-488F-ABC8-30AB4DD8226E}
	EndGlobalSection
EndGlobal
